
Microsoft Visual Studio Solution File, Format Version 12.00
# Visual Studio Version 17
VisualStudioVersion = 17.0.31903.59
MinimumVisualStudioVersion = 10.0.40219.1
Project("{FAE04EC0-301F-11D3-BF4B-00C04F79EFBC}") = "BlazorAxolotlEngine.Abstraction", "src/BlazorAxolotlEngine.Abstraction\BlazorAxolotlEngine.Abstraction.csproj", "{D11D79EA-76D2-4B8F-978D-D2A3BE33E808}"
EndProject
Project("{FAE04EC0-301F-11D3-BF4B-00C04F79EFBC}") = "BlazorAxolotlEngine.Query", "src/BlazorAxolotlEngine.Query\BlazorAxolotlEngine.Query.csproj", "{721BCB18-B2F7-47B2-A811-FF29F9DD2FB9}"
EndProject
Project("{FAE04EC0-301F-11D3-BF4B-00C04F79EFBC}") = "BlazorAxolotlEngine.Core", "src/BlazorAxolotlEngine.Core\BlazorAxolotlEngine.Core.csproj", "{0F275598-F869-4A1B-97C6-12E199BE19A3}"
EndProject
Project("{FAE04EC0-301F-11D3-BF4B-00C04F79EFBC}") = "BlazorAxolotlEngine.Component", "src/BlazorAxolotlEngine.Component\BlazorAxolotlEngine.Component.csproj", "{9BA43FCD-3A6D-4FF6-8E1C-23A80EE5DD7E}"
EndProject
Project("{FAE04EC0-301F-11D3-BF4B-00C04F79EFBC}") = "BlazorAxolotlEngine.Core.Test", "tests\BlazorAxolotlEngine.Core.Test\BlazorAxolotlEngine.Core.Test.csproj", "{B669AEA4-0D3C-42B3-BDB7-EADE8F292EA4}"
EndProject
Project("{FAE04EC0-301F-11D3-BF4B-00C04F79EFBC}") = "HelloWorldGameSample", "samples\HelloWorldGameSample\HelloWorldGameSample.csproj", "{55A5F49D-8073-4578-AACC-B131AAA6794C}"
EndProject
Project("{FAE04EC0-301F-11D3-BF4B-00C04F79EFBC}") = "BlazorAxolotlEngine.Engine", "src\BlazorAxolotlEngine.Engine\BlazorAxolotlEngine.Engine.csproj", "{A10035E3-4E80-47D6-A97A-3BCB24B31AFD}"
EndProject
Global
	GlobalSection(SolutionConfigurationPlatforms) = preSolution
		Debug|Any CPU = Debug|Any CPU
		Release|Any CPU = Release|Any CPU
	EndGlobalSection
	GlobalSection(SolutionProperties) = preSolution
		HideSolutionNode = FALSE
	EndGlobalSection
	GlobalSection(ProjectConfigurationPlatforms) = postSolution
		{721BCB18-B2F7-47B2-A811-FF29F9DD2FB9}.Debug|Any CPU.ActiveCfg = Debug|Any CPU
		{721BCB18-B2F7-47B2-A811-FF29F9DD2FB9}.Debug|Any CPU.Build.0 = Debug|Any CPU
		{721BCB18-B2F7-47B2-A811-FF29F9DD2FB9}.Release|Any CPU.ActiveCfg = Release|Any CPU
		{721BCB18-B2F7-47B2-A811-FF29F9DD2FB9}.Release|Any CPU.Build.0 = Release|Any CPU
		{0F275598-F869-4A1B-97C6-12E199BE19A3}.Debug|Any CPU.ActiveCfg = Debug|Any CPU
		{0F275598-F869-4A1B-97C6-12E199BE19A3}.Debug|Any CPU.Build.0 = Debug|Any CPU
		{0F275598-F869-4A1B-97C6-12E199BE19A3}.Release|Any CPU.ActiveCfg = Release|Any CPU
		{0F275598-F869-4A1B-97C6-12E199BE19A3}.Release|Any CPU.Build.0 = Release|Any CPU
		{D11D79EA-76D2-4B8F-978D-D2A3BE33E808}.Debug|Any CPU.ActiveCfg = Debug|Any CPU
		{D11D79EA-76D2-4B8F-978D-D2A3BE33E808}.Debug|Any CPU.Build.0 = Debug|Any CPU
		{42884186-898A-4F4B-B3FD-B76B1F37787A}.Debug|Any CPU.ActiveCfg = Debug|Any CPU
		{42884186-898A-4F4B-B3FD-B76B1F37787A}.Debug|Any CPU.Build.0 = Debug|Any CPU
		{42884186-898A-4F4B-B3FD-B76B1F37787A}.Release|Any CPU.ActiveCfg = Release|Any CPU
		{42884186-898A-4F4B-B3FD-B76B1F37787A}.Release|Any CPU.Build.0 = Release|Any CPU
		{9BA43FCD-3A6D-4FF6-8E1C-23A80EE5DD7E}.Debug|Any CPU.ActiveCfg = Debug|Any CPU
		{9BA43FCD-3A6D-4FF6-8E1C-23A80EE5DD7E}.Debug|Any CPU.Build.0 = Debug|Any CPU
		{9BA43FCD-3A6D-4FF6-8E1C-23A80EE5DD7E}.Release|Any CPU.ActiveCfg = Release|Any CPU
		{9BA43FCD-3A6D-4FF6-8E1C-23A80EE5DD7E}.Release|Any CPU.Build.0 = Release|Any CPU
		{B669AEA4-0D3C-42B3-BDB7-EADE8F292EA4}.Debug|Any CPU.ActiveCfg = Debug|Any CPU
		{B669AEA4-0D3C-42B3-BDB7-EADE8F292EA4}.Debug|Any CPU.Build.0 = Debug|Any CPU
		{B669AEA4-0D3C-42B3-BDB7-EADE8F292EA4}.Release|Any CPU.ActiveCfg = Release|Any CPU
		{B669AEA4-0D3C-42B3-BDB7-EADE8F292EA4}.Release|Any CPU.Build.0 = Release|Any CPU
		{55A5F49D-8073-4578-AACC-B131AAA6794C}.Debug|Any CPU.ActiveCfg = Debug|Any CPU
		{55A5F49D-8073-4578-AACC-B131AAA6794C}.Debug|Any CPU.Build.0 = Debug|Any CPU
		{55A5F49D-8073-4578-AACC-B131AAA6794C}.Release|Any CPU.ActiveCfg = Release|Any CPU
		{55A5F49D-8073-4578-AACC-B131AAA6794C}.Release|Any CPU.Build.0 = Release|Any CPU
		{A10035E3-4E80-47D6-A97A-3BCB24B31AFD}.Debug|Any CPU.ActiveCfg = Debug|Any CPU
		{A10035E3-4E80-47D6-A97A-3BCB24B31AFD}.Debug|Any CPU.Build.0 = Debug|Any CPU
		{A10035E3-4E80-47D6-A97A-3BCB24B31AFD}.Release|Any CPU.ActiveCfg = Release|Any CPU
		{A10035E3-4E80-47D6-A97A-3BCB24B31AFD}.Release|Any CPU.Build.0 = Release|Any CPU
	EndGlobalSection
EndGlobal
