
Microsoft Visual Studio Solution File, Format Version 12.00
# Visual Studio Version 17
VisualStudioVersion = 17.0.31903.59
MinimumVisualStudioVersion = 10.0.40219.1
Project("{FAE04EC0-301F-11D3-BF4B-00C04F79EFBC}") = "BlazorAxolotlEngine.Abstraction", "BlazorAxolotlEngine.Abstraction\BlazorAxolotlEngine.Abstraction.csproj", "{D11D79EA-76D2-4B8F-978D-D2A3BE33E808}"
EndProject
Project("{FAE04EC0-301F-11D3-BF4B-00C04F79EFBC}") = "BlazorAxolotlEngine.Query", "BlazorAxolotlEngine.Query\BlazorAxolotlEngine.Query.csproj", "{721BCB18-B2F7-47B2-A811-FF29F9DD2FB9}"
EndProject
Project("{FAE04EC0-301F-11D3-BF4B-00C04F79EFBC}") = "BlazorAxolotlEngine.Entity", "BlazorAxolotlEngine.Entity\BlazorAxolotlEngine.Entity.csproj", "{9B671E98-91D8-418F-A95A-DFD345816339}"
EndProject
Project("{FAE04EC0-301F-11D3-BF4B-00C04F79EFBC}") = "BlazorAxolotlEngine.Core", "BlazorAxolotlEngine.Core\BlazorAxolotlEngine.Core.csproj", "{0F275598-F869-4A1B-97C6-12E199BE19A3}"
EndProject
Project("{FAE04EC0-301F-11D3-BF4B-00C04F79EFBC}") = "BlazorAxolotlEngine.Samples", "BlazorAxolotlEngine.Samples\BlazorAxolotlEngine.Samples.csproj", "{A3CA8B68-FE27-4BDD-8039-CD58701137D7}"
EndProject
Global
	GlobalSection(SolutionConfigurationPlatforms) = preSolution
		Debug|Any CPU = Debug|Any CPU
		Release|Any CPU = Release|Any CPU
	EndGlobalSection
	GlobalSection(SolutionProperties) = preSolution
		HideSolutionNode = FALSE
	EndGlobalSection
	GlobalSection(ProjectConfigurationPlatforms) = postSolution
		{721BCB18-B2F7-47B2-A811-FF29F9DD2FB9}.Debug|Any CPU.ActiveCfg = Debug|Any CPU
		{721BCB18-B2F7-47B2-A811-FF29F9DD2FB9}.Debug|Any CPU.Build.0 = Debug|Any CPU
		{721BCB18-B2F7-47B2-A811-FF29F9DD2FB9}.Release|Any CPU.ActiveCfg = Release|Any CPU
		{721BCB18-B2F7-47B2-A811-FF29F9DD2FB9}.Release|Any CPU.Build.0 = Release|Any CPU
		{9B671E98-91D8-418F-A95A-DFD345816339}.Debug|Any CPU.ActiveCfg = Debug|Any CPU
		{9B671E98-91D8-418F-A95A-DFD345816339}.Debug|Any CPU.Build.0 = Debug|Any CPU
		{9B671E98-91D8-418F-A95A-DFD345816339}.Release|Any CPU.ActiveCfg = Release|Any CPU
		{9B671E98-91D8-418F-A95A-DFD345816339}.Release|Any CPU.Build.0 = Release|Any CPU
		{0F275598-F869-4A1B-97C6-12E199BE19A3}.Debug|Any CPU.ActiveCfg = Debug|Any CPU
		{0F275598-F869-4A1B-97C6-12E199BE19A3}.Debug|Any CPU.Build.0 = Debug|Any CPU
		{0F275598-F869-4A1B-97C6-12E199BE19A3}.Release|Any CPU.ActiveCfg = Release|Any CPU
		{0F275598-F869-4A1B-97C6-12E199BE19A3}.Release|Any CPU.Build.0 = Release|Any CPU
		{A3CA8B68-FE27-4BDD-8039-CD58701137D7}.Debug|Any CPU.ActiveCfg = Debug|Any CPU
		{A3CA8B68-FE27-4BDD-8039-CD58701137D7}.Debug|Any CPU.Build.0 = Debug|Any CPU
		{A3CA8B68-FE27-4BDD-8039-CD58701137D7}.Release|Any CPU.ActiveCfg = Release|Any CPU
		{A3CA8B68-FE27-4BDD-8039-CD58701137D7}.Release|Any CPU.Build.0 = Release|Any CPU
		{D11D79EA-76D2-4B8F-978D-D2A3BE33E808}.Debug|Any CPU.ActiveCfg = Debug|Any CPU
		{D11D79EA-76D2-4B8F-978D-D2A3BE33E808}.Debug|Any CPU.Build.0 = Debug|Any CPU
	EndGlobalSection
EndGlobal
